// !$*UTF8*$!
{
	archiveVersion = 1;
	classes = {
	};
	objectVersion = 56;
	objects = {

/* Begin PBXBuildFile section */
		3B2EA98F2B7B960F00D39235 /* News.swift in Sources */ = {isa = PBXBuildFile; fileRef = 3B2EA98E2B7B960F00D39235 /* News.swift */; };
		3B42C5DF2B778EC100A4483D /* VolumeButtonHandler in Frameworks */ = {isa = PBXBuildFile; productRef = 3B42C5DE2B778EC100A4483D /* VolumeButtonHandler */; };
		3B48A7B22B724F5800FC8FA1 /* CoreDataManager.swift in Sources */ = {isa = PBXBuildFile; fileRef = 3B48A7B12B724F5800FC8FA1 /* CoreDataManager.swift */; };
		3B48A7B42B725ADA00FC8FA1 /* Song.swift in Sources */ = {isa = PBXBuildFile; fileRef = 3B48A7B32B725ADA00FC8FA1 /* Song.swift */; };
		3B48A7B62B72601200FC8FA1 /* NetworkManager.swift in Sources */ = {isa = PBXBuildFile; fileRef = 3B48A7B52B72601200FC8FA1 /* NetworkManager.swift */; };
		3B48A7BC2B739D1A00FC8FA1 /* SongTableViewCell.swift in Sources */ = {isa = PBXBuildFile; fileRef = 3B48A7BB2B739D1A00FC8FA1 /* SongTableViewCell.swift */; };
		3B6D1C162B83DA28002C6284 /* WebViewController.swift in Sources */ = {isa = PBXBuildFile; fileRef = 3B6D1C152B83DA28002C6284 /* WebViewController.swift */; };
		3B9221FE2B7F5F1B0050AB55 /* NewsViewController.swift in Sources */ = {isa = PBXBuildFile; fileRef = 3B9221FD2B7F5F1B0050AB55 /* NewsViewController.swift */; };
		3B9222032B7F9AFB0050AB55 /* SwiftyXMLParser in Frameworks */ = {isa = PBXBuildFile; productRef = 3B9222022B7F9AFB0050AB55 /* SwiftyXMLParser */; };
		3B9222062B7FC1030050AB55 /* NewsTableViewCell.swift in Sources */ = {isa = PBXBuildFile; fileRef = 3B9222052B7FC1030050AB55 /* NewsTableViewCell.swift */; };
		3BAD9FA12B67AD14006263DF /* AppDelegate.swift in Sources */ = {isa = PBXBuildFile; fileRef = 3BAD9FA02B67AD14006263DF /* AppDelegate.swift */; };
		3BAD9FA32B67AD14006263DF /* SceneDelegate.swift in Sources */ = {isa = PBXBuildFile; fileRef = 3BAD9FA22B67AD14006263DF /* SceneDelegate.swift */; };
		3BAD9FA52B67AD14006263DF /* ViewController.swift in Sources */ = {isa = PBXBuildFile; fileRef = 3BAD9FA42B67AD14006263DF /* ViewController.swift */; };
		3BAD9FA82B67AD14006263DF /* Main.storyboard in Resources */ = {isa = PBXBuildFile; fileRef = 3BAD9FA62B67AD14006263DF /* Main.storyboard */; };
		3BAD9FAB2B67AD14006263DF /* RadioJemne.xcdatamodeld in Sources */ = {isa = PBXBuildFile; fileRef = 3BAD9FA92B67AD14006263DF /* RadioJemne.xcdatamodeld */; };
		3BAD9FAD2B67AD16006263DF /* Assets.xcassets in Resources */ = {isa = PBXBuildFile; fileRef = 3BAD9FAC2B67AD16006263DF /* Assets.xcassets */; };
		3BAD9FB02B67AD16006263DF /* LaunchScreen.storyboard in Resources */ = {isa = PBXBuildFile; fileRef = 3BAD9FAE2B67AD16006263DF /* LaunchScreen.storyboard */; };
		3BAD9FBB2B67AD16006263DF /* RadioJemneTests.swift in Sources */ = {isa = PBXBuildFile; fileRef = 3BAD9FBA2B67AD16006263DF /* RadioJemneTests.swift */; };
		3BAD9FC52B67AD16006263DF /* RadioJemneUITests.swift in Sources */ = {isa = PBXBuildFile; fileRef = 3BAD9FC42B67AD16006263DF /* RadioJemneUITests.swift */; };
		3BAD9FC72B67AD16006263DF /* RadioJemneUITestsLaunchTests.swift in Sources */ = {isa = PBXBuildFile; fileRef = 3BAD9FC62B67AD16006263DF /* RadioJemneUITestsLaunchTests.swift */; };
		3BD3C8922B84F1C500954902 /* SDWebImageSwiftUI in Frameworks */ = {isa = PBXBuildFile; productRef = 3BD3C8912B84F1C500954902 /* SDWebImageSwiftUI */; };
		3BFD53C52B6D02AE00D765BA /* StreamMusic.swift in Sources */ = {isa = PBXBuildFile; fileRef = 3BFD53C42B6D02AE00D765BA /* StreamMusic.swift */; };
/* End PBXBuildFile section */

/* Begin PBXContainerItemProxy section */
		3BAD9FB72B67AD16006263DF /* PBXContainerItemProxy */ = {
			isa = PBXContainerItemProxy;
			containerPortal = 3BAD9F952B67AD14006263DF /* Project object */;
			proxyType = 1;
			remoteGlobalIDString = 3BAD9F9C2B67AD14006263DF;
			remoteInfo = RadioJemne;
		};
		3BAD9FC12B67AD16006263DF /* PBXContainerItemProxy */ = {
			isa = PBXContainerItemProxy;
			containerPortal = 3BAD9F952B67AD14006263DF /* Project object */;
			proxyType = 1;
			remoteGlobalIDString = 3BAD9F9C2B67AD14006263DF;
			remoteInfo = RadioJemne;
		};
/* End PBXContainerItemProxy section */

/* Begin PBXFileReference section */
		3B2EA98E2B7B960F00D39235 /* News.swift */ = {isa = PBXFileReference; lastKnownFileType = sourcecode.swift; path = News.swift; sourceTree = "<group>"; };
		3B48A7B12B724F5800FC8FA1 /* CoreDataManager.swift */ = {isa = PBXFileReference; lastKnownFileType = sourcecode.swift; path = CoreDataManager.swift; sourceTree = "<group>"; };
		3B48A7B32B725ADA00FC8FA1 /* Song.swift */ = {isa = PBXFileReference; lastKnownFileType = sourcecode.swift; path = Song.swift; sourceTree = "<group>"; };
		3B48A7B52B72601200FC8FA1 /* NetworkManager.swift */ = {isa = PBXFileReference; lastKnownFileType = sourcecode.swift; path = NetworkManager.swift; sourceTree = "<group>"; };
		3B48A7BB2B739D1A00FC8FA1 /* SongTableViewCell.swift */ = {isa = PBXFileReference; lastKnownFileType = sourcecode.swift; path = SongTableViewCell.swift; sourceTree = "<group>"; };
		3B6D1C152B83DA28002C6284 /* WebViewController.swift */ = {isa = PBXFileReference; lastKnownFileType = sourcecode.swift; path = WebViewController.swift; sourceTree = "<group>"; };
		3B9221FD2B7F5F1B0050AB55 /* NewsViewController.swift */ = {isa = PBXFileReference; lastKnownFileType = sourcecode.swift; path = NewsViewController.swift; sourceTree = "<group>"; };
		3B9222052B7FC1030050AB55 /* NewsTableViewCell.swift */ = {isa = PBXFileReference; lastKnownFileType = sourcecode.swift; path = NewsTableViewCell.swift; sourceTree = "<group>"; };
		3BAD9F9D2B67AD14006263DF /* RadioJemne.app */ = {isa = PBXFileReference; explicitFileType = wrapper.application; includeInIndex = 0; path = RadioJemne.app; sourceTree = BUILT_PRODUCTS_DIR; };
		3BAD9FA02B67AD14006263DF /* AppDelegate.swift */ = {isa = PBXFileReference; lastKnownFileType = sourcecode.swift; path = AppDelegate.swift; sourceTree = "<group>"; };
		3BAD9FA22B67AD14006263DF /* SceneDelegate.swift */ = {isa = PBXFileReference; lastKnownFileType = sourcecode.swift; path = SceneDelegate.swift; sourceTree = "<group>"; };
		3BAD9FA42B67AD14006263DF /* ViewController.swift */ = {isa = PBXFileReference; lastKnownFileType = sourcecode.swift; path = ViewController.swift; sourceTree = "<group>"; };
		3BAD9FA72B67AD14006263DF /* Base */ = {isa = PBXFileReference; lastKnownFileType = file.storyboard; name = Base; path = Base.lproj/Main.storyboard; sourceTree = "<group>"; };
		3BAD9FAA2B67AD14006263DF /* RadioJemne.xcdatamodel */ = {isa = PBXFileReference; lastKnownFileType = wrapper.xcdatamodel; path = RadioJemne.xcdatamodel; sourceTree = "<group>"; };
		3BAD9FAC2B67AD16006263DF /* Assets.xcassets */ = {isa = PBXFileReference; lastKnownFileType = folder.assetcatalog; path = Assets.xcassets; sourceTree = "<group>"; };
		3BAD9FAF2B67AD16006263DF /* Base */ = {isa = PBXFileReference; lastKnownFileType = file.storyboard; name = Base; path = Base.lproj/LaunchScreen.storyboard; sourceTree = "<group>"; };
		3BAD9FB12B67AD16006263DF /* Info.plist */ = {isa = PBXFileReference; lastKnownFileType = text.plist.xml; path = Info.plist; sourceTree = "<group>"; };
		3BAD9FB62B67AD16006263DF /* RadioJemneTests.xctest */ = {isa = PBXFileReference; explicitFileType = wrapper.cfbundle; includeInIndex = 0; path = RadioJemneTests.xctest; sourceTree = BUILT_PRODUCTS_DIR; };
		3BAD9FBA2B67AD16006263DF /* RadioJemneTests.swift */ = {isa = PBXFileReference; lastKnownFileType = sourcecode.swift; path = RadioJemneTests.swift; sourceTree = "<group>"; };
		3BAD9FC02B67AD16006263DF /* RadioJemneUITests.xctest */ = {isa = PBXFileReference; explicitFileType = wrapper.cfbundle; includeInIndex = 0; path = RadioJemneUITests.xctest; sourceTree = BUILT_PRODUCTS_DIR; };
		3BAD9FC42B67AD16006263DF /* RadioJemneUITests.swift */ = {isa = PBXFileReference; lastKnownFileType = sourcecode.swift; path = RadioJemneUITests.swift; sourceTree = "<group>"; };
		3BAD9FC62B67AD16006263DF /* RadioJemneUITestsLaunchTests.swift */ = {isa = PBXFileReference; lastKnownFileType = sourcecode.swift; path = RadioJemneUITestsLaunchTests.swift; sourceTree = "<group>"; };
		3BFD53C42B6D02AE00D765BA /* StreamMusic.swift */ = {isa = PBXFileReference; lastKnownFileType = sourcecode.swift; path = StreamMusic.swift; sourceTree = "<group>"; };
/* End PBXFileReference section */

/* Begin PBXFrameworksBuildPhase section */
		3BAD9F9A2B67AD14006263DF /* Frameworks */ = {
			isa = PBXFrameworksBuildPhase;
			buildActionMask = 2147483647;
			files = (
				3BD3C8922B84F1C500954902 /* SDWebImageSwiftUI in Frameworks */,
				3B42C5DF2B778EC100A4483D /* VolumeButtonHandler in Frameworks */,
				3B9222032B7F9AFB0050AB55 /* SwiftyXMLParser in Frameworks */,
			);
			runOnlyForDeploymentPostprocessing = 0;
		};
		3BAD9FB32B67AD16006263DF /* Frameworks */ = {
			isa = PBXFrameworksBuildPhase;
			buildActionMask = 2147483647;
			files = (
			);
			runOnlyForDeploymentPostprocessing = 0;
		};
		3BAD9FBD2B67AD16006263DF /* Frameworks */ = {
			isa = PBXFrameworksBuildPhase;
			buildActionMask = 2147483647;
			files = (
			);
			runOnlyForDeploymentPostprocessing = 0;
		};
/* End PBXFrameworksBuildPhase section */

/* Begin PBXGroup section */
		3B42C5D82B7663C800A4483D /* Support */ = {
			isa = PBXGroup;
			children = (
				3BAD9FAE2B67AD16006263DF /* LaunchScreen.storyboard */,
				3BAD9FA02B67AD14006263DF /* AppDelegate.swift */,
				3BAD9FA22B67AD14006263DF /* SceneDelegate.swift */,
				3BAD9FA92B67AD14006263DF /* RadioJemne.xcdatamodeld */,
				3BAD9FAC2B67AD16006263DF /* Assets.xcassets */,
			);
			path = Support;
			sourceTree = "<group>";
		};
		3B42C5DA2B766AAE00A4483D /* Managers */ = {
			isa = PBXGroup;
			children = (
				3BFD53C42B6D02AE00D765BA /* StreamMusic.swift */,
				3B48A7B12B724F5800FC8FA1 /* CoreDataManager.swift */,
				3B48A7B52B72601200FC8FA1 /* NetworkManager.swift */,
			);
			path = Managers;
			sourceTree = "<group>";
		};
		3B42C5DB2B766ACF00A4483D /* Models */ = {
			isa = PBXGroup;
			children = (
				3B48A7B32B725ADA00FC8FA1 /* Song.swift */,
				3B2EA98E2B7B960F00D39235 /* News.swift */,
			);
			path = Models;
			sourceTree = "<group>";
		};
		3B42C5DC2B777BFB00A4483D /* Views */ = {
			isa = PBXGroup;
			children = (
				3BAD9FA62B67AD14006263DF /* Main.storyboard */,
				3B6D1C182B84B06B002C6284 /* ViewControllers */,
				3B6D1C172B84B047002C6284 /* ViewCells */,
			);
			path = Views;
			sourceTree = "<group>";
		};
		3B6D1C172B84B047002C6284 /* ViewCells */ = {
			isa = PBXGroup;
			children = (
				3B9222052B7FC1030050AB55 /* NewsTableViewCell.swift */,
				3B48A7BB2B739D1A00FC8FA1 /* SongTableViewCell.swift */,
			);
			path = ViewCells;
			sourceTree = "<group>";
		};
		3B6D1C182B84B06B002C6284 /* ViewControllers */ = {
			isa = PBXGroup;
			children = (
				3BAD9FA42B67AD14006263DF /* ViewController.swift */,
				3B6D1C152B83DA28002C6284 /* WebViewController.swift */,
				3B9221FD2B7F5F1B0050AB55 /* NewsViewController.swift */,
			);
			path = ViewControllers;
			sourceTree = "<group>";
		};
		3BAD9F942B67AD14006263DF = {
			isa = PBXGroup;
			children = (
				3BAD9F9F2B67AD14006263DF /* RadioJemne */,
				3BAD9FB92B67AD16006263DF /* RadioJemneTests */,
				3BAD9FC32B67AD16006263DF /* RadioJemneUITests */,
				3BAD9F9E2B67AD14006263DF /* Products */,
			);
			sourceTree = "<group>";
		};
		3BAD9F9E2B67AD14006263DF /* Products */ = {
			isa = PBXGroup;
			children = (
				3BAD9F9D2B67AD14006263DF /* RadioJemne.app */,
				3BAD9FB62B67AD16006263DF /* RadioJemneTests.xctest */,
				3BAD9FC02B67AD16006263DF /* RadioJemneUITests.xctest */,
			);
			name = Products;
			sourceTree = "<group>";
		};
		3BAD9F9F2B67AD14006263DF /* RadioJemne */ = {
			isa = PBXGroup;
			children = (
				3B42C5DC2B777BFB00A4483D /* Views */,
				3B42C5DB2B766ACF00A4483D /* Models */,
				3B42C5DA2B766AAE00A4483D /* Managers */,
				3B42C5D82B7663C800A4483D /* Support */,
				3BAD9FB12B67AD16006263DF /* Info.plist */,
			);
			path = RadioJemne;
			sourceTree = "<group>";
		};
		3BAD9FB92B67AD16006263DF /* RadioJemneTests */ = {
			isa = PBXGroup;
			children = (
				3BAD9FBA2B67AD16006263DF /* RadioJemneTests.swift */,
			);
			path = RadioJemneTests;
			sourceTree = "<group>";
		};
		3BAD9FC32B67AD16006263DF /* RadioJemneUITests */ = {
			isa = PBXGroup;
			children = (
				3BAD9FC42B67AD16006263DF /* RadioJemneUITests.swift */,
				3BAD9FC62B67AD16006263DF /* RadioJemneUITestsLaunchTests.swift */,
			);
			path = RadioJemneUITests;
			sourceTree = "<group>";
		};
/* End PBXGroup section */

/* Begin PBXNativeTarget section */
		3BAD9F9C2B67AD14006263DF /* RadioJemne */ = {
			isa = PBXNativeTarget;
			buildConfigurationList = 3BAD9FCA2B67AD16006263DF /* Build configuration list for PBXNativeTarget "RadioJemne" */;
			buildPhases = (
				3BAD9F992B67AD14006263DF /* Sources */,
				3BAD9F9A2B67AD14006263DF /* Frameworks */,
				3BAD9F9B2B67AD14006263DF /* Resources */,
			);
			buildRules = (
			);
			dependencies = (
			);
			name = RadioJemne;
			packageProductDependencies = (
				3B42C5DE2B778EC100A4483D /* VolumeButtonHandler */,
				3B9222022B7F9AFB0050AB55 /* SwiftyXMLParser */,
				3BD3C8912B84F1C500954902 /* SDWebImageSwiftUI */,
			);
			productName = RadioJemne;
			productReference = 3BAD9F9D2B67AD14006263DF /* RadioJemne.app */;
			productType = "com.apple.product-type.application";
		};
		3BAD9FB52B67AD16006263DF /* RadioJemneTests */ = {
			isa = PBXNativeTarget;
			buildConfigurationList = 3BAD9FCD2B67AD16006263DF /* Build configuration list for PBXNativeTarget "RadioJemneTests" */;
			buildPhases = (
				3BAD9FB22B67AD16006263DF /* Sources */,
				3BAD9FB32B67AD16006263DF /* Frameworks */,
				3BAD9FB42B67AD16006263DF /* Resources */,
			);
			buildRules = (
			);
			dependencies = (
				3BAD9FB82B67AD16006263DF /* PBXTargetDependency */,
			);
			name = RadioJemneTests;
			productName = RadioJemneTests;
			productReference = 3BAD9FB62B67AD16006263DF /* RadioJemneTests.xctest */;
			productType = "com.apple.product-type.bundle.unit-test";
		};
		3BAD9FBF2B67AD16006263DF /* RadioJemneUITests */ = {
			isa = PBXNativeTarget;
			buildConfigurationList = 3BAD9FD02B67AD16006263DF /* Build configuration list for PBXNativeTarget "RadioJemneUITests" */;
			buildPhases = (
				3BAD9FBC2B67AD16006263DF /* Sources */,
				3BAD9FBD2B67AD16006263DF /* Frameworks */,
				3BAD9FBE2B67AD16006263DF /* Resources */,
			);
			buildRules = (
			);
			dependencies = (
				3BAD9FC22B67AD16006263DF /* PBXTargetDependency */,
			);
			name = RadioJemneUITests;
			productName = RadioJemneUITests;
			productReference = 3BAD9FC02B67AD16006263DF /* RadioJemneUITests.xctest */;
			productType = "com.apple.product-type.bundle.ui-testing";
		};
/* End PBXNativeTarget section */

/* Begin PBXProject section */
		3BAD9F952B67AD14006263DF /* Project object */ = {
			isa = PBXProject;
			attributes = {
				BuildIndependentTargetsInParallel = 1;
				LastSwiftUpdateCheck = 1520;
				LastUpgradeCheck = 1520;
				TargetAttributes = {
					3BAD9F9C2B67AD14006263DF = {
						CreatedOnToolsVersion = 15.2;
					};
					3BAD9FB52B67AD16006263DF = {
						CreatedOnToolsVersion = 15.2;
						TestTargetID = 3BAD9F9C2B67AD14006263DF;
					};
					3BAD9FBF2B67AD16006263DF = {
						CreatedOnToolsVersion = 15.2;
						TestTargetID = 3BAD9F9C2B67AD14006263DF;
					};
				};
			};
			buildConfigurationList = 3BAD9F982B67AD14006263DF /* Build configuration list for PBXProject "RadioJemne" */;
			compatibilityVersion = "Xcode 14.0";
			developmentRegion = en;
			hasScannedForEncodings = 0;
			knownRegions = (
				en,
				Base,
			);
			mainGroup = 3BAD9F942B67AD14006263DF;
			packageReferences = (
				3B42C5DD2B778EC100A4483D /* XCRemoteSwiftPackageReference "VolumeButtonHandler" */,
				3B9222012B7F9AFB0050AB55 /* XCRemoteSwiftPackageReference "SwiftyXMLParser" */,
				3B9222112B82A3930050AB55 /* XCRemoteSwiftPackageReference "SDWebImage" */,
				3BD3C8902B84F1C500954902 /* XCRemoteSwiftPackageReference "SDWebImageSwiftUI" */,
			);
			productRefGroup = 3BAD9F9E2B67AD14006263DF /* Products */;
			projectDirPath = "";
			projectRoot = "";
			targets = (
				3BAD9F9C2B67AD14006263DF /* RadioJemne */,
				3BAD9FB52B67AD16006263DF /* RadioJemneTests */,
				3BAD9FBF2B67AD16006263DF /* RadioJemneUITests */,
			);
		};
/* End PBXProject section */

/* Begin PBXResourcesBuildPhase section */
		3BAD9F9B2B67AD14006263DF /* Resources */ = {
			isa = PBXResourcesBuildPhase;
			buildActionMask = 2147483647;
			files = (
				3BAD9FB02B67AD16006263DF /* LaunchScreen.storyboard in Resources */,
				3BAD9FAD2B67AD16006263DF /* Assets.xcassets in Resources */,
				3BAD9FA82B67AD14006263DF /* Main.storyboard in Resources */,
			);
			runOnlyForDeploymentPostprocessing = 0;
		};
		3BAD9FB42B67AD16006263DF /* Resources */ = {
			isa = PBXResourcesBuildPhase;
			buildActionMask = 2147483647;
			files = (
			);
			runOnlyForDeploymentPostprocessing = 0;
		};
		3BAD9FBE2B67AD16006263DF /* Resources */ = {
			isa = PBXResourcesBuildPhase;
			buildActionMask = 2147483647;
			files = (
			);
			runOnlyForDeploymentPostprocessing = 0;
		};
/* End PBXResourcesBuildPhase section */

/* Begin PBXSourcesBuildPhase section */
		3BAD9F992B67AD14006263DF /* Sources */ = {
			isa = PBXSourcesBuildPhase;
			buildActionMask = 2147483647;
			files = (
				3B48A7B62B72601200FC8FA1 /* NetworkManager.swift in Sources */,
				3BFD53C52B6D02AE00D765BA /* StreamMusic.swift in Sources */,
				3B48A7BC2B739D1A00FC8FA1 /* SongTableViewCell.swift in Sources */,
				3B9221FE2B7F5F1B0050AB55 /* NewsViewController.swift in Sources */,
				3BAD9FA52B67AD14006263DF /* ViewController.swift in Sources */,
				3B48A7B42B725ADA00FC8FA1 /* Song.swift in Sources */,
				3BAD9FAB2B67AD14006263DF /* RadioJemne.xcdatamodeld in Sources */,
				3B2EA98F2B7B960F00D39235 /* News.swift in Sources */,
				3B9222062B7FC1030050AB55 /* NewsTableViewCell.swift in Sources */,
				3BAD9FA12B67AD14006263DF /* AppDelegate.swift in Sources */,
				3B48A7B22B724F5800FC8FA1 /* CoreDataManager.swift in Sources */,
				3BAD9FA32B67AD14006263DF /* SceneDelegate.swift in Sources */,
				3B6D1C162B83DA28002C6284 /* WebViewController.swift in Sources */,
			);
			runOnlyForDeploymentPostprocessing = 0;
		};
		3BAD9FB22B67AD16006263DF /* Sources */ = {
			isa = PBXSourcesBuildPhase;
			buildActionMask = 2147483647;
			files = (
				3BAD9FBB2B67AD16006263DF /* RadioJemneTests.swift in Sources */,
			);
			runOnlyForDeploymentPostprocessing = 0;
		};
		3BAD9FBC2B67AD16006263DF /* Sources */ = {
			isa = PBXSourcesBuildPhase;
			buildActionMask = 2147483647;
			files = (
				3BAD9FC72B67AD16006263DF /* RadioJemneUITestsLaunchTests.swift in Sources */,
				3BAD9FC52B67AD16006263DF /* RadioJemneUITests.swift in Sources */,
			);
			runOnlyForDeploymentPostprocessing = 0;
		};
/* End PBXSourcesBuildPhase section */

/* Begin PBXTargetDependency section */
		3BAD9FB82B67AD16006263DF /* PBXTargetDependency */ = {
			isa = PBXTargetDependency;
			target = 3BAD9F9C2B67AD14006263DF /* RadioJemne */;
			targetProxy = 3BAD9FB72B67AD16006263DF /* PBXContainerItemProxy */;
		};
		3BAD9FC22B67AD16006263DF /* PBXTargetDependency */ = {
			isa = PBXTargetDependency;
			target = 3BAD9F9C2B67AD14006263DF /* RadioJemne */;
			targetProxy = 3BAD9FC12B67AD16006263DF /* PBXContainerItemProxy */;
		};
/* End PBXTargetDependency section */

/* Begin PBXVariantGroup section */
		3BAD9FA62B67AD14006263DF /* Main.storyboard */ = {
			isa = PBXVariantGroup;
			children = (
				3BAD9FA72B67AD14006263DF /* Base */,
			);
			name = Main.storyboard;
			sourceTree = "<group>";
		};
		3BAD9FAE2B67AD16006263DF /* LaunchScreen.storyboard */ = {
			isa = PBXVariantGroup;
			children = (
				3BAD9FAF2B67AD16006263DF /* Base */,
			);
			name = LaunchScreen.storyboard;
			sourceTree = "<group>";
		};
/* End PBXVariantGroup section */

/* Begin XCBuildConfiguration section */
		3BAD9FC82B67AD16006263DF /* Debug */ = {
			isa = XCBuildConfiguration;
			buildSettings = {
				ALWAYS_SEARCH_USER_PATHS = NO;
				ASSETCATALOG_COMPILER_GENERATE_SWIFT_ASSET_SYMBOL_EXTENSIONS = YES;
				CLANG_ANALYZER_NONNULL = YES;
				CLANG_ANALYZER_NUMBER_OBJECT_CONVERSION = YES_AGGRESSIVE;
				CLANG_CXX_LANGUAGE_STANDARD = "gnu++20";
				CLANG_ENABLE_MODULES = YES;
				CLANG_ENABLE_OBJC_ARC = YES;
				CLANG_ENABLE_OBJC_WEAK = YES;
				CLANG_WARN_BLOCK_CAPTURE_AUTORELEASING = YES;
				CLANG_WARN_BOOL_CONVERSION = YES;
				CLANG_WARN_COMMA = YES;
				CLANG_WARN_CONSTANT_CONVERSION = YES;
				CLANG_WARN_DEPRECATED_OBJC_IMPLEMENTATIONS = YES;
				CLANG_WARN_DIRECT_OBJC_ISA_USAGE = YES_ERROR;
				CLANG_WARN_DOCUMENTATION_COMMENTS = YES;
				CLANG_WARN_EMPTY_BODY = YES;
				CLANG_WARN_ENUM_CONVERSION = YES;
				CLANG_WARN_INFINITE_RECURSION = YES;
				CLANG_WARN_INT_CONVERSION = YES;
				CLANG_WARN_NON_LITERAL_NULL_CONVERSION = YES;
				CLANG_WARN_OBJC_IMPLICIT_RETAIN_SELF = YES;
				CLANG_WARN_OBJC_LITERAL_CONVERSION = YES;
				CLANG_WARN_OBJC_ROOT_CLASS = YES_ERROR;
				CLANG_WARN_QUOTED_INCLUDE_IN_FRAMEWORK_HEADER = YES;
				CLANG_WARN_RANGE_LOOP_ANALYSIS = YES;
				CLANG_WARN_STRICT_PROTOTYPES = YES;
				CLANG_WARN_SUSPICIOUS_MOVE = YES;
				CLANG_WARN_UNGUARDED_AVAILABILITY = YES_AGGRESSIVE;
				CLANG_WARN_UNREACHABLE_CODE = YES;
				CLANG_WARN__DUPLICATE_METHOD_MATCH = YES;
				COPY_PHASE_STRIP = NO;
				DEBUG_INFORMATION_FORMAT = dwarf;
				ENABLE_STRICT_OBJC_MSGSEND = YES;
				ENABLE_TESTABILITY = YES;
				ENABLE_USER_SCRIPT_SANDBOXING = YES;
				GCC_C_LANGUAGE_STANDARD = gnu17;
				GCC_DYNAMIC_NO_PIC = NO;
				GCC_NO_COMMON_BLOCKS = YES;
				GCC_OPTIMIZATION_LEVEL = 0;
				GCC_PREPROCESSOR_DEFINITIONS = (
					"DEBUG=1",
					"$(inherited)",
				);
				GCC_WARN_64_TO_32_BIT_CONVERSION = YES;
				GCC_WARN_ABOUT_RETURN_TYPE = YES_ERROR;
				GCC_WARN_UNDECLARED_SELECTOR = YES;
				GCC_WARN_UNINITIALIZED_AUTOS = YES_AGGRESSIVE;
				GCC_WARN_UNUSED_FUNCTION = YES;
				GCC_WARN_UNUSED_VARIABLE = YES;
				IPHONEOS_DEPLOYMENT_TARGET = 17.2;
				LOCALIZATION_PREFERS_STRING_CATALOGS = YES;
				MTL_ENABLE_DEBUG_INFO = INCLUDE_SOURCE;
				MTL_FAST_MATH = YES;
				ONLY_ACTIVE_ARCH = YES;
				SDKROOT = iphoneos;
				SWIFT_ACTIVE_COMPILATION_CONDITIONS = "DEBUG $(inherited)";
				SWIFT_OPTIMIZATION_LEVEL = "-Onone";
			};
			name = Debug;
		};
		3BAD9FC92B67AD16006263DF /* Release */ = {
			isa = XCBuildConfiguration;
			buildSettings = {
				ALWAYS_SEARCH_USER_PATHS = NO;
				ASSETCATALOG_COMPILER_GENERATE_SWIFT_ASSET_SYMBOL_EXTENSIONS = YES;
				CLANG_ANALYZER_NONNULL = YES;
				CLANG_ANALYZER_NUMBER_OBJECT_CONVERSION = YES_AGGRESSIVE;
				CLANG_CXX_LANGUAGE_STANDARD = "gnu++20";
				CLANG_ENABLE_MODULES = YES;
				CLANG_ENABLE_OBJC_ARC = YES;
				CLANG_ENABLE_OBJC_WEAK = YES;
				CLANG_WARN_BLOCK_CAPTURE_AUTORELEASING = YES;
				CLANG_WARN_BOOL_CONVERSION = YES;
				CLANG_WARN_COMMA = YES;
				CLANG_WARN_CONSTANT_CONVERSION = YES;
				CLANG_WARN_DEPRECATED_OBJC_IMPLEMENTATIONS = YES;
				CLANG_WARN_DIRECT_OBJC_ISA_USAGE = YES_ERROR;
				CLANG_WARN_DOCUMENTATION_COMMENTS = YES;
				CLANG_WARN_EMPTY_BODY = YES;
				CLANG_WARN_ENUM_CONVERSION = YES;
				CLANG_WARN_INFINITE_RECURSION = YES;
				CLANG_WARN_INT_CONVERSION = YES;
				CLANG_WARN_NON_LITERAL_NULL_CONVERSION = YES;
				CLANG_WARN_OBJC_IMPLICIT_RETAIN_SELF = YES;
				CLANG_WARN_OBJC_LITERAL_CONVERSION = YES;
				CLANG_WARN_OBJC_ROOT_CLASS = YES_ERROR;
				CLANG_WARN_QUOTED_INCLUDE_IN_FRAMEWORK_HEADER = YES;
				CLANG_WARN_RANGE_LOOP_ANALYSIS = YES;
				CLANG_WARN_STRICT_PROTOTYPES = YES;
				CLANG_WARN_SUSPICIOUS_MOVE = YES;
				CLANG_WARN_UNGUARDED_AVAILABILITY = YES_AGGRESSIVE;
				CLANG_WARN_UNREACHABLE_CODE = YES;
				CLANG_WARN__DUPLICATE_METHOD_MATCH = YES;
				COPY_PHASE_STRIP = NO;
				DEBUG_INFORMATION_FORMAT = "dwarf-with-dsym";
				ENABLE_NS_ASSERTIONS = NO;
				ENABLE_STRICT_OBJC_MSGSEND = YES;
				ENABLE_USER_SCRIPT_SANDBOXING = YES;
				GCC_C_LANGUAGE_STANDARD = gnu17;
				GCC_NO_COMMON_BLOCKS = YES;
				GCC_WARN_64_TO_32_BIT_CONVERSION = YES;
				GCC_WARN_ABOUT_RETURN_TYPE = YES_ERROR;
				GCC_WARN_UNDECLARED_SELECTOR = YES;
				GCC_WARN_UNINITIALIZED_AUTOS = YES_AGGRESSIVE;
				GCC_WARN_UNUSED_FUNCTION = YES;
				GCC_WARN_UNUSED_VARIABLE = YES;
				IPHONEOS_DEPLOYMENT_TARGET = 17.2;
				LOCALIZATION_PREFERS_STRING_CATALOGS = YES;
				MTL_ENABLE_DEBUG_INFO = NO;
				MTL_FAST_MATH = YES;
				SDKROOT = iphoneos;
				SWIFT_COMPILATION_MODE = wholemodule;
				VALIDATE_PRODUCT = YES;
			};
			name = Release;
		};
		3BAD9FCB2B67AD16006263DF /* Debug */ = {
			isa = XCBuildConfiguration;
			buildSettings = {
				ASSETCATALOG_COMPILER_APPICON_NAME = AppIcon;
				ASSETCATALOG_COMPILER_GLOBAL_ACCENT_COLOR_NAME = AccentColor;
				CODE_SIGN_STYLE = Automatic;
				CURRENT_PROJECT_VERSION = 1;
				DEVELOPMENT_TEAM = M47C292FPL;
				GENERATE_INFOPLIST_FILE = YES;
				INFOPLIST_FILE = RadioJemne/Info.plist;
				INFOPLIST_KEY_UIApplicationSupportsIndirectInputEvents = YES;
				INFOPLIST_KEY_UILaunchStoryboardName = LaunchScreen;
				INFOPLIST_KEY_UIMainStoryboardFile = Main;
				INFOPLIST_KEY_UISupportedInterfaceOrientations = UIInterfaceOrientationPortrait;
				LD_RUNPATH_SEARCH_PATHS = (
					"$(inherited)",
					"@executable_path/Frameworks",
				);
				MARKETING_VERSION = 1.0;
				PRODUCT_BUNDLE_IDENTIFIER = beginer.RadioJemne;
				PRODUCT_NAME = "$(TARGET_NAME)";
				SUPPORTED_PLATFORMS = "iphoneos iphonesimulator";
				SUPPORTS_MACCATALYST = NO;
				SUPPORTS_MAC_DESIGNED_FOR_IPHONE_IPAD = NO;
				SUPPORTS_XR_DESIGNED_FOR_IPHONE_IPAD = NO;
				SWIFT_EMIT_LOC_STRINGS = YES;
				SWIFT_VERSION = 5.0;
				TARGETED_DEVICE_FAMILY = 1;
			};
			name = Debug;
		};
		3BAD9FCC2B67AD16006263DF /* Release */ = {
			isa = XCBuildConfiguration;
			buildSettings = {
				ASSETCATALOG_COMPILER_APPICON_NAME = AppIcon;
				ASSETCATALOG_COMPILER_GLOBAL_ACCENT_COLOR_NAME = AccentColor;
				CODE_SIGN_STYLE = Automatic;
				CURRENT_PROJECT_VERSION = 1;
				DEVELOPMENT_TEAM = M47C292FPL;
				GENERATE_INFOPLIST_FILE = YES;
				INFOPLIST_FILE = RadioJemne/Info.plist;
				INFOPLIST_KEY_UIApplicationSupportsIndirectInputEvents = YES;
				INFOPLIST_KEY_UILaunchStoryboardName = LaunchScreen;
				INFOPLIST_KEY_UIMainStoryboardFile = Main;
				INFOPLIST_KEY_UISupportedInterfaceOrientations = UIInterfaceOrientationPortrait;
				LD_RUNPATH_SEARCH_PATHS = (
					"$(inherited)",
					"@executable_path/Frameworks",
				);
				MARKETING_VERSION = 1.0;
				PRODUCT_BUNDLE_IDENTIFIER = beginer.RadioJemne;
				PRODUCT_NAME = "$(TARGET_NAME)";
				SUPPORTED_PLATFORMS = "iphoneos iphonesimulator";
				SUPPORTS_MACCATALYST = NO;
				SUPPORTS_MAC_DESIGNED_FOR_IPHONE_IPAD = NO;
				SUPPORTS_XR_DESIGNED_FOR_IPHONE_IPAD = NO;
				SWIFT_EMIT_LOC_STRINGS = YES;
				SWIFT_VERSION = 5.0;
				TARGETED_DEVICE_FAMILY = 1;
			};
			name = Release;
		};
		3BAD9FCE2B67AD16006263DF /* Debug */ = {
			isa = XCBuildConfiguration;
			buildSettings = {
				ALWAYS_EMBED_SWIFT_STANDARD_LIBRARIES = YES;
				BUNDLE_LOADER = "$(TEST_HOST)";
				CODE_SIGN_STYLE = Automatic;
				CURRENT_PROJECT_VERSION = 1;
				DEVELOPMENT_TEAM = M47C292FPL;
				GENERATE_INFOPLIST_FILE = YES;
				IPHONEOS_DEPLOYMENT_TARGET = 17.2;
				MARKETING_VERSION = 1.0;
				PRODUCT_BUNDLE_IDENTIFIER = beginer.RadioJemneTests;
				PRODUCT_NAME = "$(TARGET_NAME)";
				SWIFT_EMIT_LOC_STRINGS = NO;
				SWIFT_VERSION = 5.0;
				TARGETED_DEVICE_FAMILY = "1,2";
				TEST_HOST = "$(BUILT_PRODUCTS_DIR)/RadioJemne.app/$(BUNDLE_EXECUTABLE_FOLDER_PATH)/RadioJemne";
			};
			name = Debug;
		};
		3BAD9FCF2B67AD16006263DF /* Release */ = {
			isa = XCBuildConfiguration;
			buildSettings = {
				ALWAYS_EMBED_SWIFT_STANDARD_LIBRARIES = YES;
				BUNDLE_LOADER = "$(TEST_HOST)";
				CODE_SIGN_STYLE = Automatic;
				CURRENT_PROJECT_VERSION = 1;
				DEVELOPMENT_TEAM = M47C292FPL;
				GENERATE_INFOPLIST_FILE = YES;
				IPHONEOS_DEPLOYMENT_TARGET = 17.2;
				MARKETING_VERSION = 1.0;
				PRODUCT_BUNDLE_IDENTIFIER = beginer.RadioJemneTests;
				PRODUCT_NAME = "$(TARGET_NAME)";
				SWIFT_EMIT_LOC_STRINGS = NO;
				SWIFT_VERSION = 5.0;
				TARGETED_DEVICE_FAMILY = "1,2";
				TEST_HOST = "$(BUILT_PRODUCTS_DIR)/RadioJemne.app/$(BUNDLE_EXECUTABLE_FOLDER_PATH)/RadioJemne";
			};
			name = Release;
		};
		3BAD9FD12B67AD16006263DF /* Debug */ = {
			isa = XCBuildConfiguration;
			buildSettings = {
				ALWAYS_EMBED_SWIFT_STANDARD_LIBRARIES = YES;
				CODE_SIGN_STYLE = Automatic;
				CURRENT_PROJECT_VERSION = 1;
				DEVELOPMENT_TEAM = M47C292FPL;
				GENERATE_INFOPLIST_FILE = YES;
				MARKETING_VERSION = 1.0;
				PRODUCT_BUNDLE_IDENTIFIER = beginer.RadioJemneUITests;
				PRODUCT_NAME = "$(TARGET_NAME)";
				SWIFT_EMIT_LOC_STRINGS = NO;
				SWIFT_VERSION = 5.0;
				TARGETED_DEVICE_FAMILY = "1,2";
				TEST_TARGET_NAME = RadioJemne;
			};
			name = Debug;
		};
		3BAD9FD22B67AD16006263DF /* Release */ = {
			isa = XCBuildConfiguration;
			buildSettings = {
				ALWAYS_EMBED_SWIFT_STANDARD_LIBRARIES = YES;
				CODE_SIGN_STYLE = Automatic;
				CURRENT_PROJECT_VERSION = 1;
				DEVELOPMENT_TEAM = M47C292FPL;
				GENERATE_INFOPLIST_FILE = YES;
				MARKETING_VERSION = 1.0;
				PRODUCT_BUNDLE_IDENTIFIER = beginer.RadioJemneUITests;
				PRODUCT_NAME = "$(TARGET_NAME)";
				SWIFT_EMIT_LOC_STRINGS = NO;
				SWIFT_VERSION = 5.0;
				TARGETED_DEVICE_FAMILY = "1,2";
				TEST_TARGET_NAME = RadioJemne;
			};
			name = Release;
		};
/* End XCBuildConfiguration section */

/* Begin XCConfigurationList section */
		3BAD9F982B67AD14006263DF /* Build configuration list for PBXProject "RadioJemne" */ = {
			isa = XCConfigurationList;
			buildConfigurations = (
				3BAD9FC82B67AD16006263DF /* Debug */,
				3BAD9FC92B67AD16006263DF /* Release */,
			);
			defaultConfigurationIsVisible = 0;
			defaultConfigurationName = Release;
		};
		3BAD9FCA2B67AD16006263DF /* Build configuration list for PBXNativeTarget "RadioJemne" */ = {
			isa = XCConfigurationList;
			buildConfigurations = (
				3BAD9FCB2B67AD16006263DF /* Debug */,
				3BAD9FCC2B67AD16006263DF /* Release */,
			);
			defaultConfigurationIsVisible = 0;
			defaultConfigurationName = Release;
		};
		3BAD9FCD2B67AD16006263DF /* Build configuration list for PBXNativeTarget "RadioJemneTests" */ = {
			isa = XCConfigurationList;
			buildConfigurations = (
				3BAD9FCE2B67AD16006263DF /* Debug */,
				3BAD9FCF2B67AD16006263DF /* Release */,
			);
			defaultConfigurationIsVisible = 0;
			defaultConfigurationName = Release;
		};
		3BAD9FD02B67AD16006263DF /* Build configuration list for PBXNativeTarget "RadioJemneUITests" */ = {
			isa = XCConfigurationList;
			buildConfigurations = (
				3BAD9FD12B67AD16006263DF /* Debug */,
				3BAD9FD22B67AD16006263DF /* Release */,
			);
			defaultConfigurationIsVisible = 0;
			defaultConfigurationName = Release;
		};
/* End XCConfigurationList section */

/* Begin XCRemoteSwiftPackageReference section */
		3B42C5DD2B778EC100A4483D /* XCRemoteSwiftPackageReference "VolumeButtonHandler" */ = {
			isa = XCRemoteSwiftPackageReference;
			repositoryURL = "https://github.com/CipherBitCorp/VolumeButtonHandler.git";
			requirement = {
				branch = main;
				kind = branch;
			};
		};
		3B9222012B7F9AFB0050AB55 /* XCRemoteSwiftPackageReference "SwiftyXMLParser" */ = {
			isa = XCRemoteSwiftPackageReference;
			repositoryURL = "https://github.com/yahoojapan/SwiftyXMLParser.git";
			requirement = {
				kind = upToNextMajorVersion;
				minimumVersion = 5.6.0;
			};
		};
		3B9222112B82A3930050AB55 /* XCRemoteSwiftPackageReference "SDWebImage" */ = {
			isa = XCRemoteSwiftPackageReference;
			repositoryURL = "https://github.com/SDWebImage/SDWebImage.git";
			requirement = {
				kind = upToNextMajorVersion;
				minimumVersion = 5.18.11;
			};
		};
		3BD3C8902B84F1C500954902 /* XCRemoteSwiftPackageReference "SDWebImageSwiftUI" */ = {
			isa = XCRemoteSwiftPackageReference;
			repositoryURL = "https://github.com/SDWebImage/SDWebImageSwiftUI.git";
			requirement = {
				kind = upToNextMajorVersion;
				minimumVersion = 2.2.6;
			};
		};
/* End XCRemoteSwiftPackageReference section */

/* Begin XCSwiftPackageProductDependency section */
		3B42C5DE2B778EC100A4483D /* VolumeButtonHandler */ = {
			isa = XCSwiftPackageProductDependency;
			package = 3B42C5DD2B778EC100A4483D /* XCRemoteSwiftPackageReference "VolumeButtonHandler" */;
			productName = VolumeButtonHandler;
		};
		3B9222022B7F9AFB0050AB55 /* SwiftyXMLParser */ = {
			isa = XCSwiftPackageProductDependency;
			package = 3B9222012B7F9AFB0050AB55 /* XCRemoteSwiftPackageReference "SwiftyXMLParser" */;
			productName = SwiftyXMLParser;
		};
		3BD3C8912B84F1C500954902 /* SDWebImageSwiftUI */ = {
			isa = XCSwiftPackageProductDependency;
			package = 3BD3C8902B84F1C500954902 /* XCRemoteSwiftPackageReference "SDWebImageSwiftUI" */;
			productName = SDWebImageSwiftUI;
		};
/* End XCSwiftPackageProductDependency section */

/* Begin XCVersionGroup section */
		3BAD9FA92B67AD14006263DF /* RadioJemne.xcdatamodeld */ = {
			isa = XCVersionGroup;
			children = (
				3BAD9FAA2B67AD14006263DF /* RadioJemne.xcdatamodel */,
			);
			currentVersion = 3BAD9FAA2B67AD14006263DF /* RadioJemne.xcdatamodel */;
			path = RadioJemne.xcdatamodeld;
			sourceTree = "<group>";
			versionGroupType = wrapper.xcdatamodel;
		};
/* End XCVersionGroup section */
	};
	rootObject = 3BAD9F952B67AD14006263DF /* Project object */;
}
